// !$*UTF8*$!
{
	archiveVersion = 1;
	classes = {
	};
	objectVersion = 50;
	objects = {

/* Begin PBXBuildFile section */
		A379142624BED0F7007BFD5E /* SalaryDetailUiView.swift in Sources */ = {isa = PBXBuildFile; fileRef = A379142524BED0F7007BFD5E /* SalaryDetailUiView.swift */; };
		A3B9B4E924BC59BD0026E68D /* AppDelegate.swift in Sources */ = {isa = PBXBuildFile; fileRef = A3B9B4E824BC59BD0026E68D /* AppDelegate.swift */; };
		A3B9B4EB24BC59BD0026E68D /* SceneDelegate.swift in Sources */ = {isa = PBXBuildFile; fileRef = A3B9B4EA24BC59BD0026E68D /* SceneDelegate.swift */; };
		A3B9B4ED24BC59BD0026E68D /* ContentView.swift in Sources */ = {isa = PBXBuildFile; fileRef = A3B9B4EC24BC59BD0026E68D /* ContentView.swift */; };
		A3B9B4EF24BC59BF0026E68D /* Assets.xcassets in Resources */ = {isa = PBXBuildFile; fileRef = A3B9B4EE24BC59BF0026E68D /* Assets.xcassets */; };
		A3B9B4F224BC59BF0026E68D /* Preview Assets.xcassets in Resources */ = {isa = PBXBuildFile; fileRef = A3B9B4F124BC59BF0026E68D /* Preview Assets.xcassets */; };
		A3B9B4F524BC59BF0026E68D /* LaunchScreen.storyboard in Resources */ = {isa = PBXBuildFile; fileRef = A3B9B4F324BC59BF0026E68D /* LaunchScreen.storyboard */; };
		A3B9B50024BC59BF0026E68D /* Mzda_2020Tests.swift in Sources */ = {isa = PBXBuildFile; fileRef = A3B9B4FF24BC59BF0026E68D /* Mzda_2020Tests.swift */; };
		A3B9B50B24BC59BF0026E68D /* Mzda_2020UITests.swift in Sources */ = {isa = PBXBuildFile; fileRef = A3B9B50A24BC59BF0026E68D /* Mzda_2020UITests.swift */; };
		A3E5E4DD24C43BE200E57151 /* SalaryCalculator.swift in Sources */ = {isa = PBXBuildFile; fileRef = A3E5E4DC24C43BE200E57151 /* SalaryCalculator.swift */; };
/* End PBXBuildFile section */

/* Begin PBXContainerItemProxy section */
		A3B9B4FC24BC59BF0026E68D /* PBXContainerItemProxy */ = {
			isa = PBXContainerItemProxy;
			containerPortal = A3B9B4DD24BC59BD0026E68D /* Project object */;
			proxyType = 1;
			remoteGlobalIDString = A3B9B4E424BC59BD0026E68D;
			remoteInfo = "Mzda 2020";
		};
		A3B9B50724BC59BF0026E68D /* PBXContainerItemProxy */ = {
			isa = PBXContainerItemProxy;
			containerPortal = A3B9B4DD24BC59BD0026E68D /* Project object */;
			proxyType = 1;
			remoteGlobalIDString = A3B9B4E424BC59BD0026E68D;
			remoteInfo = "Mzda 2020";
		};
/* End PBXContainerItemProxy section */

/* Begin PBXFileReference section */
		A379142524BED0F7007BFD5E /* SalaryDetailUiView.swift */ = {isa = PBXFileReference; lastKnownFileType = sourcecode.swift; path = SalaryDetailUiView.swift; sourceTree = "<group>"; };
		A3B9B4E524BC59BD0026E68D /* Mzda 2020.app */ = {isa = PBXFileReference; explicitFileType = wrapper.application; includeInIndex = 0; path = "Mzda 2020.app"; sourceTree = BUILT_PRODUCTS_DIR; };
		A3B9B4E824BC59BD0026E68D /* AppDelegate.swift */ = {isa = PBXFileReference; lastKnownFileType = sourcecode.swift; path = AppDelegate.swift; sourceTree = "<group>"; };
		A3B9B4EA24BC59BD0026E68D /* SceneDelegate.swift */ = {isa = PBXFileReference; lastKnownFileType = sourcecode.swift; path = SceneDelegate.swift; sourceTree = "<group>"; };
		A3B9B4EC24BC59BD0026E68D /* ContentView.swift */ = {isa = PBXFileReference; lastKnownFileType = sourcecode.swift; path = ContentView.swift; sourceTree = "<group>"; };
		A3B9B4EE24BC59BF0026E68D /* Assets.xcassets */ = {isa = PBXFileReference; lastKnownFileType = folder.assetcatalog; path = Assets.xcassets; sourceTree = "<group>"; };
		A3B9B4F124BC59BF0026E68D /* Preview Assets.xcassets */ = {isa = PBXFileReference; lastKnownFileType = folder.assetcatalog; path = "Preview Assets.xcassets"; sourceTree = "<group>"; };
		A3B9B4F424BC59BF0026E68D /* Base */ = {isa = PBXFileReference; lastKnownFileType = file.storyboard; name = Base; path = Base.lproj/LaunchScreen.storyboard; sourceTree = "<group>"; };
		A3B9B4F624BC59BF0026E68D /* Info.plist */ = {isa = PBXFileReference; lastKnownFileType = text.plist.xml; path = Info.plist; sourceTree = "<group>"; };
		A3B9B4FB24BC59BF0026E68D /* Mzda 2020Tests.xctest */ = {isa = PBXFileReference; explicitFileType = wrapper.cfbundle; includeInIndex = 0; path = "Mzda 2020Tests.xctest"; sourceTree = BUILT_PRODUCTS_DIR; };
		A3B9B4FF24BC59BF0026E68D /* Mzda_2020Tests.swift */ = {isa = PBXFileReference; lastKnownFileType = sourcecode.swift; path = Mzda_2020Tests.swift; sourceTree = "<group>"; };
		A3B9B50124BC59BF0026E68D /* Info.plist */ = {isa = PBXFileReference; lastKnownFileType = text.plist.xml; path = Info.plist; sourceTree = "<group>"; };
		A3B9B50624BC59BF0026E68D /* Mzda 2020UITests.xctest */ = {isa = PBXFileReference; explicitFileType = wrapper.cfbundle; includeInIndex = 0; path = "Mzda 2020UITests.xctest"; sourceTree = BUILT_PRODUCTS_DIR; };
		A3B9B50A24BC59BF0026E68D /* Mzda_2020UITests.swift */ = {isa = PBXFileReference; lastKnownFileType = sourcecode.swift; path = Mzda_2020UITests.swift; sourceTree = "<group>"; };
		A3B9B50C24BC59BF0026E68D /* Info.plist */ = {isa = PBXFileReference; lastKnownFileType = text.plist.xml; path = Info.plist; sourceTree = "<group>"; };
		A3E5E4DC24C43BE200E57151 /* SalaryCalculator.swift */ = {isa = PBXFileReference; lastKnownFileType = sourcecode.swift; path = SalaryCalculator.swift; sourceTree = "<group>"; };
/* End PBXFileReference section */

/* Begin PBXFrameworksBuildPhase section */
		A3B9B4E224BC59BD0026E68D /* Frameworks */ = {
			isa = PBXFrameworksBuildPhase;
			buildActionMask = 2147483647;
			files = (
			);
			runOnlyForDeploymentPostprocessing = 0;
		};
		A3B9B4F824BC59BF0026E68D /* Frameworks */ = {
			isa = PBXFrameworksBuildPhase;
			buildActionMask = 2147483647;
			files = (
			);
			runOnlyForDeploymentPostprocessing = 0;
		};
		A3B9B50324BC59BF0026E68D /* Frameworks */ = {
			isa = PBXFrameworksBuildPhase;
			buildActionMask = 2147483647;
			files = (
			);
			runOnlyForDeploymentPostprocessing = 0;
		};
/* End PBXFrameworksBuildPhase section */

/* Begin PBXGroup section */
		A3B9B4DC24BC59BD0026E68D = {
			isa = PBXGroup;
			children = (
				A3B9B4E724BC59BD0026E68D /* Mzda 2020 */,
				A3B9B4FE24BC59BF0026E68D /* Mzda 2020Tests */,
				A3B9B50924BC59BF0026E68D /* Mzda 2020UITests */,
				A3B9B4E624BC59BD0026E68D /* Products */,
			);
			sourceTree = "<group>";
		};
		A3B9B4E624BC59BD0026E68D /* Products */ = {
			isa = PBXGroup;
			children = (
				A3B9B4E524BC59BD0026E68D /* Mzda 2020.app */,
				A3B9B4FB24BC59BF0026E68D /* Mzda 2020Tests.xctest */,
				A3B9B50624BC59BF0026E68D /* Mzda 2020UITests.xctest */,
			);
			name = Products;
			sourceTree = "<group>";
		};
		A3B9B4E724BC59BD0026E68D /* Mzda 2020 */ = {
			isa = PBXGroup;
			children = (
				A3E5E4DC24C43BE200E57151 /* SalaryCalculator.swift */,
				A3B9B4E824BC59BD0026E68D /* AppDelegate.swift */,
				A3B9B4EA24BC59BD0026E68D /* SceneDelegate.swift */,
				A3B9B4EC24BC59BD0026E68D /* ContentView.swift */,
				A3B9B4EE24BC59BF0026E68D /* Assets.xcassets */,
				A3B9B4F324BC59BF0026E68D /* LaunchScreen.storyboard */,
				A3B9B4F624BC59BF0026E68D /* Info.plist */,
				A3B9B4F024BC59BF0026E68D /* Preview Content */,
				A379142524BED0F7007BFD5E /* SalaryDetailUiView.swift */,
			);
			path = "Mzda 2020";
			sourceTree = "<group>";
		};
		A3B9B4F024BC59BF0026E68D /* Preview Content */ = {
			isa = PBXGroup;
			children = (
				A3B9B4F124BC59BF0026E68D /* Preview Assets.xcassets */,
			);
			path = "Preview Content";
			sourceTree = "<group>";
		};
		A3B9B4FE24BC59BF0026E68D /* Mzda 2020Tests */ = {
			isa = PBXGroup;
			children = (
				A3B9B4FF24BC59BF0026E68D /* Mzda_2020Tests.swift */,
				A3B9B50124BC59BF0026E68D /* Info.plist */,
			);
			path = "Mzda 2020Tests";
			sourceTree = "<group>";
		};
		A3B9B50924BC59BF0026E68D /* Mzda 2020UITests */ = {
			isa = PBXGroup;
			children = (
				A3B9B50A24BC59BF0026E68D /* Mzda_2020UITests.swift */,
				A3B9B50C24BC59BF0026E68D /* Info.plist */,
			);
			path = "Mzda 2020UITests";
			sourceTree = "<group>";
		};
/* End PBXGroup section */

/* Begin PBXNativeTarget section */
		A3B9B4E424BC59BD0026E68D /* Mzda 2020 */ = {
			isa = PBXNativeTarget;
			buildConfigurationList = A3B9B50F24BC59BF0026E68D /* Build configuration list for PBXNativeTarget "Mzda 2020" */;
			buildPhases = (
				A3B9B4E124BC59BD0026E68D /* Sources */,
				A3B9B4E224BC59BD0026E68D /* Frameworks */,
				A3B9B4E324BC59BD0026E68D /* Resources */,
			);
			buildRules = (
			);
			dependencies = (
			);
			name = "Mzda 2020";
			productName = "Mzda 2020";
			productReference = A3B9B4E524BC59BD0026E68D /* Mzda 2020.app */;
			productType = "com.apple.product-type.application";
		};
		A3B9B4FA24BC59BF0026E68D /* Mzda 2020Tests */ = {
			isa = PBXNativeTarget;
			buildConfigurationList = A3B9B51224BC59BF0026E68D /* Build configuration list for PBXNativeTarget "Mzda 2020Tests" */;
			buildPhases = (
				A3B9B4F724BC59BF0026E68D /* Sources */,
				A3B9B4F824BC59BF0026E68D /* Frameworks */,
				A3B9B4F924BC59BF0026E68D /* Resources */,
			);
			buildRules = (
			);
			dependencies = (
				A3B9B4FD24BC59BF0026E68D /* PBXTargetDependency */,
			);
			name = "Mzda 2020Tests";
			productName = "Mzda 2020Tests";
			productReference = A3B9B4FB24BC59BF0026E68D /* Mzda 2020Tests.xctest */;
			productType = "com.apple.product-type.bundle.unit-test";
		};
		A3B9B50524BC59BF0026E68D /* Mzda 2020UITests */ = {
			isa = PBXNativeTarget;
			buildConfigurationList = A3B9B51524BC59BF0026E68D /* Build configuration list for PBXNativeTarget "Mzda 2020UITests" */;
			buildPhases = (
				A3B9B50224BC59BF0026E68D /* Sources */,
				A3B9B50324BC59BF0026E68D /* Frameworks */,
				A3B9B50424BC59BF0026E68D /* Resources */,
			);
			buildRules = (
			);
			dependencies = (
				A3B9B50824BC59BF0026E68D /* PBXTargetDependency */,
			);
			name = "Mzda 2020UITests";
			productName = "Mzda 2020UITests";
			productReference = A3B9B50624BC59BF0026E68D /* Mzda 2020UITests.xctest */;
			productType = "com.apple.product-type.bundle.ui-testing";
		};
/* End PBXNativeTarget section */

/* Begin PBXProject section */
		A3B9B4DD24BC59BD0026E68D /* Project object */ = {
			isa = PBXProject;
			attributes = {
				LastSwiftUpdateCheck = 1160;
				LastUpgradeCheck = 1160;
				ORGANIZATIONNAME = "Martin Barnas";
				TargetAttributes = {
					A3B9B4E424BC59BD0026E68D = {
						CreatedOnToolsVersion = 11.6;
					};
					A3B9B4FA24BC59BF0026E68D = {
						CreatedOnToolsVersion = 11.6;
						TestTargetID = A3B9B4E424BC59BD0026E68D;
					};
					A3B9B50524BC59BF0026E68D = {
						CreatedOnToolsVersion = 11.6;
						TestTargetID = A3B9B4E424BC59BD0026E68D;
					};
				};
			};
			buildConfigurationList = A3B9B4E024BC59BD0026E68D /* Build configuration list for PBXProject "Mzda 2020" */;
			compatibilityVersion = "Xcode 9.3";
			developmentRegion = en;
			hasScannedForEncodings = 0;
			knownRegions = (
				en,
				Base,
			);
			mainGroup = A3B9B4DC24BC59BD0026E68D;
			productRefGroup = A3B9B4E624BC59BD0026E68D /* Products */;
			projectDirPath = "";
			projectRoot = "";
			targets = (
				A3B9B4E424BC59BD0026E68D /* Mzda 2020 */,
				A3B9B4FA24BC59BF0026E68D /* Mzda 2020Tests */,
				A3B9B50524BC59BF0026E68D /* Mzda 2020UITests */,
			);
		};
/* End PBXProject section */

/* Begin PBXResourcesBuildPhase section */
		A3B9B4E324BC59BD0026E68D /* Resources */ = {
			isa = PBXResourcesBuildPhase;
			buildActionMask = 2147483647;
			files = (
				A3B9B4F524BC59BF0026E68D /* LaunchScreen.storyboard in Resources */,
				A3B9B4F224BC59BF0026E68D /* Preview Assets.xcassets in Resources */,
				A3B9B4EF24BC59BF0026E68D /* Assets.xcassets in Resources */,
			);
			runOnlyForDeploymentPostprocessing = 0;
		};
		A3B9B4F924BC59BF0026E68D /* Resources */ = {
			isa = PBXResourcesBuildPhase;
			buildActionMask = 2147483647;
			files = (
			);
			runOnlyForDeploymentPostprocessing = 0;
		};
		A3B9B50424BC59BF0026E68D /* Resources */ = {
			isa = PBXResourcesBuildPhase;
			buildActionMask = 2147483647;
			files = (
			);
			runOnlyForDeploymentPostprocessing = 0;
		};
/* End PBXResourcesBuildPhase section */

/* Begin PBXSourcesBuildPhase section */
		A3B9B4E124BC59BD0026E68D /* Sources */ = {
			isa = PBXSourcesBuildPhase;
			buildActionMask = 2147483647;
			files = (
				A3B9B4E924BC59BD0026E68D /* AppDelegate.swift in Sources */,
				A379142624BED0F7007BFD5E /* SalaryDetailUiView.swift in Sources */,
				A3B9B4EB24BC59BD0026E68D /* SceneDelegate.swift in Sources */,
				A3B9B4ED24BC59BD0026E68D /* ContentView.swift in Sources */,
				A3E5E4DD24C43BE200E57151 /* SalaryCalculator.swift in Sources */,
			);
			runOnlyForDeploymentPostprocessing = 0;
		};
		A3B9B4F724BC59BF0026E68D /* Sources */ = {
			isa = PBXSourcesBuildPhase;
			buildActionMask = 2147483647;
			files = (
				A3B9B50024BC59BF0026E68D /* Mzda_2020Tests.swift in Sources */,
			);
			runOnlyForDeploymentPostprocessing = 0;
		};
		A3B9B50224BC59BF0026E68D /* Sources */ = {
			isa = PBXSourcesBuildPhase;
			buildActionMask = 2147483647;
			files = (
				A3B9B50B24BC59BF0026E68D /* Mzda_2020UITests.swift in Sources */,
			);
			runOnlyForDeploymentPostprocessing = 0;
		};
/* End PBXSourcesBuildPhase section */

/* Begin PBXTargetDependency section */
		A3B9B4FD24BC59BF0026E68D /* PBXTargetDependency */ = {
			isa = PBXTargetDependency;
			target = A3B9B4E424BC59BD0026E68D /* Mzda 2020 */;
			targetProxy = A3B9B4FC24BC59BF0026E68D /* PBXContainerItemProxy */;
		};
		A3B9B50824BC59BF0026E68D /* PBXTargetDependency */ = {
			isa = PBXTargetDependency;
			target = A3B9B4E424BC59BD0026E68D /* Mzda 2020 */;
			targetProxy = A3B9B50724BC59BF0026E68D /* PBXContainerItemProxy */;
		};
/* End PBXTargetDependency section */

/* Begin PBXVariantGroup section */
		A3B9B4F324BC59BF0026E68D /* LaunchScreen.storyboard */ = {
			isa = PBXVariantGroup;
			children = (
				A3B9B4F424BC59BF0026E68D /* Base */,
			);
			name = LaunchScreen.storyboard;
			sourceTree = "<group>";
		};
/* End PBXVariantGroup section */

/* Begin XCBuildConfiguration section */
		A3B9B50D24BC59BF0026E68D /* Debug */ = {
			isa = XCBuildConfiguration;
			buildSettings = {
				ALWAYS_SEARCH_USER_PATHS = NO;
				CLANG_ANALYZER_NONNULL = YES;
				CLANG_ANALYZER_NUMBER_OBJECT_CONVERSION = YES_AGGRESSIVE;
				CLANG_CXX_LANGUAGE_STANDARD = "gnu++14";
				CLANG_CXX_LIBRARY = "libc++";
				CLANG_ENABLE_MODULES = YES;
				CLANG_ENABLE_OBJC_ARC = YES;
				CLANG_ENABLE_OBJC_WEAK = YES;
				CLANG_WARN_BLOCK_CAPTURE_AUTORELEASING = YES;
				CLANG_WARN_BOOL_CONVERSION = YES;
				CLANG_WARN_COMMA = YES;
				CLANG_WARN_CONSTANT_CONVERSION = YES;
				CLANG_WARN_DEPRECATED_OBJC_IMPLEMENTATIONS = YES;
				CLANG_WARN_DIRECT_OBJC_ISA_USAGE = YES_ERROR;
				CLANG_WARN_DOCUMENTATION_COMMENTS = YES;
				CLANG_WARN_EMPTY_BODY = YES;
				CLANG_WARN_ENUM_CONVERSION = YES;
				CLANG_WARN_INFINITE_RECURSION = YES;
				CLANG_WARN_INT_CONVERSION = YES;
				CLANG_WARN_NON_LITERAL_NULL_CONVERSION = YES;
				CLANG_WARN_OBJC_IMPLICIT_RETAIN_SELF = YES;
				CLANG_WARN_OBJC_LITERAL_CONVERSION = YES;
				CLANG_WARN_OBJC_ROOT_CLASS = YES_ERROR;
				CLANG_WARN_RANGE_LOOP_ANALYSIS = YES;
				CLANG_WARN_STRICT_PROTOTYPES = YES;
				CLANG_WARN_SUSPICIOUS_MOVE = YES;
				CLANG_WARN_UNGUARDED_AVAILABILITY = YES_AGGRESSIVE;
				CLANG_WARN_UNREACHABLE_CODE = YES;
				CLANG_WARN__DUPLICATE_METHOD_MATCH = YES;
				COPY_PHASE_STRIP = NO;
				DEBUG_INFORMATION_FORMAT = dwarf;
				ENABLE_STRICT_OBJC_MSGSEND = YES;
				ENABLE_TESTABILITY = YES;
				GCC_C_LANGUAGE_STANDARD = gnu11;
				GCC_DYNAMIC_NO_PIC = NO;
				GCC_NO_COMMON_BLOCKS = YES;
				GCC_OPTIMIZATION_LEVEL = 0;
				GCC_PREPROCESSOR_DEFINITIONS = (
					"DEBUG=1",
					"$(inherited)",
				);
				GCC_WARN_64_TO_32_BIT_CONVERSION = YES;
				GCC_WARN_ABOUT_RETURN_TYPE = YES_ERROR;
				GCC_WARN_UNDECLARED_SELECTOR = YES;
				GCC_WARN_UNINITIALIZED_AUTOS = YES_AGGRESSIVE;
				GCC_WARN_UNUSED_FUNCTION = YES;
				GCC_WARN_UNUSED_VARIABLE = YES;
				IPHONEOS_DEPLOYMENT_TARGET = 13.6;
				MTL_ENABLE_DEBUG_INFO = INCLUDE_SOURCE;
				MTL_FAST_MATH = YES;
				ONLY_ACTIVE_ARCH = YES;
				SDKROOT = iphoneos;
				SWIFT_ACTIVE_COMPILATION_CONDITIONS = DEBUG;
				SWIFT_OPTIMIZATION_LEVEL = "-Onone";
			};
			name = Debug;
		};
		A3B9B50E24BC59BF0026E68D /* Release */ = {
			isa = XCBuildConfiguration;
			buildSettings = {
				ALWAYS_SEARCH_USER_PATHS = NO;
				CLANG_ANALYZER_NONNULL = YES;
				CLANG_ANALYZER_NUMBER_OBJECT_CONVERSION = YES_AGGRESSIVE;
				CLANG_CXX_LANGUAGE_STANDARD = "gnu++14";
				CLANG_CXX_LIBRARY = "libc++";
				CLANG_ENABLE_MODULES = YES;
				CLANG_ENABLE_OBJC_ARC = YES;
				CLANG_ENABLE_OBJC_WEAK = YES;
				CLANG_WARN_BLOCK_CAPTURE_AUTORELEASING = YES;
				CLANG_WARN_BOOL_CONVERSION = YES;
				CLANG_WARN_COMMA = YES;
				CLANG_WARN_CONSTANT_CONVERSION = YES;
				CLANG_WARN_DEPRECATED_OBJC_IMPLEMENTATIONS = YES;
				CLANG_WARN_DIRECT_OBJC_ISA_USAGE = YES_ERROR;
				CLANG_WARN_DOCUMENTATION_COMMENTS = YES;
				CLANG_WARN_EMPTY_BODY = YES;
				CLANG_WARN_ENUM_CONVERSION = YES;
				CLANG_WARN_INFINITE_RECURSION = YES;
				CLANG_WARN_INT_CONVERSION = YES;
				CLANG_WARN_NON_LITERAL_NULL_CONVERSION = YES;
				CLANG_WARN_OBJC_IMPLICIT_RETAIN_SELF = YES;
				CLANG_WARN_OBJC_LITERAL_CONVERSION = YES;
				CLANG_WARN_OBJC_ROOT_CLASS = YES_ERROR;
				CLANG_WARN_RANGE_LOOP_ANALYSIS = YES;
				CLANG_WARN_STRICT_PROTOTYPES = YES;
				CLANG_WARN_SUSPICIOUS_MOVE = YES;
				CLANG_WARN_UNGUARDED_AVAILABILITY = YES_AGGRESSIVE;
				CLANG_WARN_UNREACHABLE_CODE = YES;
				CLANG_WARN__DUPLICATE_METHOD_MATCH = YES;
				COPY_PHASE_STRIP = NO;
				DEBUG_INFORMATION_FORMAT = "dwarf-with-dsym";
				ENABLE_NS_ASSERTIONS = NO;
				ENABLE_STRICT_OBJC_MSGSEND = YES;
				GCC_C_LANGUAGE_STANDARD = gnu11;
				GCC_NO_COMMON_BLOCKS = YES;
				GCC_WARN_64_TO_32_BIT_CONVERSION = YES;
				GCC_WARN_ABOUT_RETURN_TYPE = YES_ERROR;
				GCC_WARN_UNDECLARED_SELECTOR = YES;
				GCC_WARN_UNINITIALIZED_AUTOS = YES_AGGRESSIVE;
				GCC_WARN_UNUSED_FUNCTION = YES;
				GCC_WARN_UNUSED_VARIABLE = YES;
				IPHONEOS_DEPLOYMENT_TARGET = 13.6;
				MTL_ENABLE_DEBUG_INFO = NO;
				MTL_FAST_MATH = YES;
				SDKROOT = iphoneos;
				SWIFT_COMPILATION_MODE = wholemodule;
				SWIFT_OPTIMIZATION_LEVEL = "-O";
				VALIDATE_PRODUCT = YES;
			};
			name = Release;
		};
		A3B9B51024BC59BF0026E68D /* Debug */ = {
			isa = XCBuildConfiguration;
			buildSettings = {
				ASSETCATALOG_COMPILER_APPICON_NAME = AppIcon;
				CODE_SIGN_STYLE = Automatic;
				DEVELOPMENT_ASSET_PATHS = "\"Mzda 2020/Preview Content\"";
				ENABLE_PREVIEWS = YES;
				INFOPLIST_FILE = "Mzda 2020/Info.plist";
				LD_RUNPATH_SEARCH_PATHS = (
					"$(inherited)",
					"@executable_path/Frameworks",
				);
				PRODUCT_BUNDLE_IDENTIFIER = "barnyho.Mzda-2020";
				PRODUCT_NAME = "$(TARGET_NAME)";
				SWIFT_VERSION = 5.0;
				TARGETED_DEVICE_FAMILY = "1,2";
			};
			name = Debug;
		};
		A3B9B51124BC59BF0026E68D /* Release */ = {
			isa = XCBuildConfiguration;
			buildSettings = {
				ASSETCATALOG_COMPILER_APPICON_NAME = AppIcon;
				CODE_SIGN_STYLE = Automatic;
				DEVELOPMENT_ASSET_PATHS = "\"Mzda 2020/Preview Content\"";
				ENABLE_PREVIEWS = YES;
				INFOPLIST_FILE = "Mzda 2020/Info.plist";
				LD_RUNPATH_SEARCH_PATHS = (
					"$(inherited)",
					"@executable_path/Frameworks",
				);
				PRODUCT_BUNDLE_IDENTIFIER = "barnyho.Mzda-2020";
				PRODUCT_NAME = "$(TARGET_NAME)";
				SWIFT_VERSION = 5.0;
				TARGETED_DEVICE_FAMILY = "1,2";
			};
			name = Release;
		};
		A3B9B51324BC59BF0026E68D /* Debug */ = {
			isa = XCBuildConfiguration;
			buildSettings = {
				ALWAYS_EMBED_SWIFT_STANDARD_LIBRARIES = YES;
				BUNDLE_LOADER = "$(TEST_HOST)";
				CODE_SIGN_STYLE = Automatic;
				INFOPLIST_FILE = "Mzda 2020Tests/Info.plist";
				IPHONEOS_DEPLOYMENT_TARGET = 13.6;
				LD_RUNPATH_SEARCH_PATHS = (
					"$(inherited)",
					"@executable_path/Frameworks",
					"@loader_path/Frameworks",
				);
				PRODUCT_BUNDLE_IDENTIFIER = "barnyho.Mzda-2020Tests";
				PRODUCT_NAME = "$(TARGET_NAME)";
				SWIFT_VERSION = 5.0;
				TARGETED_DEVICE_FAMILY = "1,2";
				TEST_HOST = "$(BUILT_PRODUCTS_DIR)/Mzda 2020.app/Mzda 2020";
			};
			name = Debug;
		};
		A3B9B51424BC59BF0026E68D /* Release */ = {
			isa = XCBuildConfiguration;
			buildSettings = {
				ALWAYS_EMBED_SWIFT_STANDARD_LIBRARIES = YES;
				BUNDLE_LOADER = "$(TEST_HOST)";
				CODE_SIGN_STYLE = Automatic;
				INFOPLIST_FILE = "Mzda 2020Tests/Info.plist";
				IPHONEOS_DEPLOYMENT_TARGET = 13.6;
				LD_RUNPATH_SEARCH_PATHS = (
					"$(inherited)",
					"@executable_path/Frameworks",
					"@loader_path/Frameworks",
				);
				PRODUCT_BUNDLE_IDENTIFIER = "barnyho.Mzda-2020Tests";
				PRODUCT_NAME = "$(TARGET_NAME)";
				SWIFT_VERSION = 5.0;
				TARGETED_DEVICE_FAMILY = "1,2";
				TEST_HOST = "$(BUILT_PRODUCTS_DIR)/Mzda 2020.app/Mzda 2020";
			};
			name = Release;
		};
		A3B9B51624BC59BF0026E68D /* Debug */ = {
			isa = XCBuildConfiguration;
			buildSettings = {
				ALWAYS_EMBED_SWIFT_STANDARD_LIBRARIES = YES;
				CODE_SIGN_STYLE = Automatic;
				INFOPLIST_FILE = "Mzda 2020UITests/Info.plist";
				LD_RUNPATH_SEARCH_PATHS = (
					"$(inherited)",
					"@executable_path/Frameworks",
					"@loader_path/Frameworks",
				);
				PRODUCT_BUNDLE_IDENTIFIER = "barnyho.Mzda-2020UITests";
				PRODUCT_NAME = "$(TARGET_NAME)";
				SWIFT_VERSION = 5.0;
				TARGETED_DEVICE_FAMILY = "1,2";
				TEST_TARGET_NAME = "Mzda 2020";
			};
			name = Debug;
		};
		A3B9B51724BC59BF0026E68D /* Release */ = {
			isa = XCBuildConfiguration;
			buildSettings = {
				ALWAYS_EMBED_SWIFT_STANDARD_LIBRARIES = YES;
				CODE_SIGN_STYLE = Automatic;
				INFOPLIST_FILE = "Mzda 2020UITests/Info.plist";
				LD_RUNPATH_SEARCH_PATHS = (
					"$(inherited)",
					"@executable_path/Frameworks",
					"@loader_path/Frameworks",
				);
				PRODUCT_BUNDLE_IDENTIFIER = "barnyho.Mzda-2020UITests";
				PRODUCT_NAME = "$(TARGET_NAME)";
				SWIFT_VERSION = 5.0;
				TARGETED_DEVICE_FAMILY = "1,2";
				TEST_TARGET_NAME = "Mzda 2020";
			};
			name = Release;
		};
/* End XCBuildConfiguration section */

/* Begin XCConfigurationList section */
		A3B9B4E024BC59BD0026E68D /* Build configuration list for PBXProject "Mzda 2020" */ = {
			isa = XCConfigurationList;
			buildConfigurations = (
				A3B9B50D24BC59BF0026E68D /* Debug */,
				A3B9B50E24BC59BF0026E68D /* Release */,
			);
			defaultConfigurationIsVisible = 0;
			defaultConfigurationName = Release;
		};
		A3B9B50F24BC59BF0026E68D /* Build configuration list for PBXNativeTarget "Mzda 2020" */ = {
			isa = XCConfigurationList;
			buildConfigurations = (
				A3B9B51024BC59BF0026E68D /* Debug */,
				A3B9B51124BC59BF0026E68D /* Release */,
			);
			defaultConfigurationIsVisible = 0;
			defaultConfigurationName = Release;
		};
		A3B9B51224BC59BF0026E68D /* Build configuration list for PBXNativeTarget "Mzda 2020Tests" */ = {
			isa = XCConfigurationList;
			buildConfigurations = (
				A3B9B51324BC59BF0026E68D /* Debug */,
				A3B9B51424BC59BF0026E68D /* Release */,
			);
			defaultConfigurationIsVisible = 0;
			defaultConfigurationName = Release;
		};
		A3B9B51524BC59BF0026E68D /* Build configuration list for PBXNativeTarget "Mzda 2020UITests" */ = {
			isa = XCConfigurationList;
			buildConfigurations = (
				A3B9B51624BC59BF0026E68D /* Debug */,
				A3B9B51724BC59BF0026E68D /* Release */,
			);
			defaultConfigurationIsVisible = 0;
			defaultConfigurationName = Release;
		};
/* End XCConfigurationList section */
	};
	rootObject = A3B9B4DD24BC59BD0026E68D /* Project object */;
}
